
Microsoft Visual Studio Solution File, Format Version 12.00
# Visual Studio Version 17
VisualStudioVersion = 17.8.34525.116
MinimumVisualStudioVersion = 10.0.40219.1
Project("{FAE04EC0-301F-11D3-BF4B-00C04F79EFBC}") = "DotNetTrainingBatch3.ConsoleApp", "DotNetTrainingBatch3.ConsoleApp\DotNetTrainingBatch3.ConsoleApp.csproj", "{B5A225BC-E3B2-4FAC-8C2D-0295A03AAB19}"
EndProject
Global
	GlobalSection(SolutionConfigurationPlatforms) = preSolution
		Debug|Any CPU = Debug|Any CPU
		Release|Any CPU = Release|Any CPU
	EndGlobalSection
	GlobalSection(ProjectConfigurationPlatforms) = postSolution
		{B5A225BC-E3B2-4FAC-8C2D-0295A03AAB19}.Debug|Any CPU.ActiveCfg = Debug|Any CPU
		{B5A225BC-E3B2-4FAC-8C2D-0295A03AAB19}.Debug|Any CPU.Build.0 = Debug|Any CPU
		{B5A225BC-E3B2-4FAC-8C2D-0295A03AAB19}.Release|Any CPU.ActiveCfg = Release|Any CPU
		{B5A225BC-E3B2-4FAC-8C2D-0295A03AAB19}.Release|Any CPU.Build.0 = Release|Any CPU
	EndGlobalSection
	GlobalSection(SolutionProperties) = preSolution
		HideSolutionNode = FALSE
	EndGlobalSection
	GlobalSection(ExtensibilityGlobals) = postSolution
		SolutionGuid = {2CE9753E-B1E0-4D58-8AE0-5B6B78AC7BEC}
	EndGlobalSection
EndGlobal
